// !$*UTF8*$!
{
	archiveVersion = 1;
	classes = {
	};
	objectVersion = 55;
	objects = {

/* Begin PBXBuildFile section */
		080695FE28A93B570043344E /* NoteToTester.swift in Sources */ = {isa = PBXBuildFile; fileRef = 080695FD28A93B570043344E /* NoteToTester.swift */; };
		08BFAB9128A81F8D00D7F71C /* ChoresSampleApp.swift in Sources */ = {isa = PBXBuildFile; fileRef = 08BFAB9028A81F8D00D7F71C /* ChoresSampleApp.swift */; };
		08BFAB9328A81F8D00D7F71C /* ChoresList.swift in Sources */ = {isa = PBXBuildFile; fileRef = 08BFAB9228A81F8D00D7F71C /* ChoresList.swift */; };
		08BFAB9528A81F8E00D7F71C /* Assets.xcassets in Resources */ = {isa = PBXBuildFile; fileRef = 08BFAB9428A81F8E00D7F71C /* Assets.xcassets */; };
		08BFAB9828A81F8E00D7F71C /* Preview Assets.xcassets in Resources */ = {isa = PBXBuildFile; fileRef = 08BFAB9728A81F8E00D7F71C /* Preview Assets.xcassets */; };
		08BFAB9F28A81FB100D7F71C /* PersistenceController.swift in Sources */ = {isa = PBXBuildFile; fileRef = 08BFAB9E28A81FB100D7F71C /* PersistenceController.swift */; };
		08BFABA228A81FD800D7F71C /* ChoresDataModel.xcdatamodeld in Sources */ = {isa = PBXBuildFile; fileRef = 08BFABA028A81FD800D7F71C /* ChoresDataModel.xcdatamodeld */; };
		08BFABA728A8211D00D7F71C /* Chore+CoreDataClass.swift in Sources */ = {isa = PBXBuildFile; fileRef = 08BFABA328A8211C00D7F71C /* Chore+CoreDataClass.swift */; };
		08BFABA828A8211D00D7F71C /* Chore+CoreDataProperties.swift in Sources */ = {isa = PBXBuildFile; fileRef = 08BFABA428A8211C00D7F71C /* Chore+CoreDataProperties.swift */; };
		08BFABA928A8211D00D7F71C /* Activity+CoreDataClass.swift in Sources */ = {isa = PBXBuildFile; fileRef = 08BFABA528A8211C00D7F71C /* Activity+CoreDataClass.swift */; };
		08BFABAA28A8211D00D7F71C /* Activity+CoreDataProperties.swift in Sources */ = {isa = PBXBuildFile; fileRef = 08BFABA628A8211C00D7F71C /* Activity+CoreDataProperties.swift */; };
		08BFABAE28A8232A00D7F71C /* ChoreDetailView.swift in Sources */ = {isa = PBXBuildFile; fileRef = 08BFABAD28A8232A00D7F71C /* ChoreDetailView.swift */; };
		08BFABB028A8235C00D7F71C /* ChoreListItem.swift in Sources */ = {isa = PBXBuildFile; fileRef = 08BFABAF28A8235C00D7F71C /* ChoreListItem.swift */; };
		08BFABB228A8245600D7F71C /* CreateChore.swift in Sources */ = {isa = PBXBuildFile; fileRef = 08BFABB128A8245600D7F71C /* CreateChore.swift */; };
		08BFABB628A8361200D7F71C /* TimeAgoFormatter.swift in Sources */ = {isa = PBXBuildFile; fileRef = 08BFABB528A8361200D7F71C /* TimeAgoFormatter.swift */; };
/* End PBXBuildFile section */

/* Begin PBXFileReference section */
		080695FD28A93B570043344E /* NoteToTester.swift */ = {isa = PBXFileReference; lastKnownFileType = sourcecode.swift; path = NoteToTester.swift; sourceTree = "<group>"; };
		08BFAB8D28A81F8D00D7F71C /* ChoresSample.app */ = {isa = PBXFileReference; explicitFileType = wrapper.application; includeInIndex = 0; path = ChoresSample.app; sourceTree = BUILT_PRODUCTS_DIR; };
		08BFAB9028A81F8D00D7F71C /* ChoresSampleApp.swift */ = {isa = PBXFileReference; lastKnownFileType = sourcecode.swift; path = ChoresSampleApp.swift; sourceTree = "<group>"; };
		08BFAB9228A81F8D00D7F71C /* ChoresList.swift */ = {isa = PBXFileReference; lastKnownFileType = sourcecode.swift; path = ChoresList.swift; sourceTree = "<group>"; };
		08BFAB9428A81F8E00D7F71C /* Assets.xcassets */ = {isa = PBXFileReference; lastKnownFileType = folder.assetcatalog; path = Assets.xcassets; sourceTree = "<group>"; };
		08BFAB9728A81F8E00D7F71C /* Preview Assets.xcassets */ = {isa = PBXFileReference; lastKnownFileType = folder.assetcatalog; path = "Preview Assets.xcassets"; sourceTree = "<group>"; };
		08BFAB9E28A81FB100D7F71C /* PersistenceController.swift */ = {isa = PBXFileReference; lastKnownFileType = sourcecode.swift; path = PersistenceController.swift; sourceTree = "<group>"; };
		08BFABA128A81FD800D7F71C /* ChoresDataModel.xcdatamodel */ = {isa = PBXFileReference; lastKnownFileType = wrapper.xcdatamodel; path = ChoresDataModel.xcdatamodel; sourceTree = "<group>"; };
		08BFABA328A8211C00D7F71C /* Chore+CoreDataClass.swift */ = {isa = PBXFileReference; lastKnownFileType = sourcecode.swift; path = "Chore+CoreDataClass.swift"; sourceTree = "<group>"; };
		08BFABA428A8211C00D7F71C /* Chore+CoreDataProperties.swift */ = {isa = PBXFileReference; lastKnownFileType = sourcecode.swift; path = "Chore+CoreDataProperties.swift"; sourceTree = "<group>"; };
		08BFABA528A8211C00D7F71C /* Activity+CoreDataClass.swift */ = {isa = PBXFileReference; lastKnownFileType = sourcecode.swift; path = "Activity+CoreDataClass.swift"; sourceTree = "<group>"; };
		08BFABA628A8211C00D7F71C /* Activity+CoreDataProperties.swift */ = {isa = PBXFileReference; lastKnownFileType = sourcecode.swift; path = "Activity+CoreDataProperties.swift"; sourceTree = "<group>"; };
		08BFABAD28A8232A00D7F71C /* ChoreDetailView.swift */ = {isa = PBXFileReference; lastKnownFileType = sourcecode.swift; path = ChoreDetailView.swift; sourceTree = "<group>"; };
		08BFABAF28A8235C00D7F71C /* ChoreListItem.swift */ = {isa = PBXFileReference; lastKnownFileType = sourcecode.swift; path = ChoreListItem.swift; sourceTree = "<group>"; };
		08BFABB128A8245600D7F71C /* CreateChore.swift */ = {isa = PBXFileReference; lastKnownFileType = sourcecode.swift; path = CreateChore.swift; sourceTree = "<group>"; };
		08BFABB528A8361200D7F71C /* TimeAgoFormatter.swift */ = {isa = PBXFileReference; lastKnownFileType = sourcecode.swift; path = TimeAgoFormatter.swift; sourceTree = "<group>"; };
/* End PBXFileReference section */

/* Begin PBXFrameworksBuildPhase section */
		08BFAB8A28A81F8D00D7F71C /* Frameworks */ = {
			isa = PBXFrameworksBuildPhase;
			buildActionMask = 2147483647;
			files = (
			);
			runOnlyForDeploymentPostprocessing = 0;
		};
/* End PBXFrameworksBuildPhase section */

/* Begin PBXGroup section */
		08BFAB8428A81F8D00D7F71C = {
			isa = PBXGroup;
			children = (
				08BFAB8F28A81F8D00D7F71C /* ChoresSample */,
				08BFAB8E28A81F8D00D7F71C /* Products */,
			);
			sourceTree = "<group>";
		};
		08BFAB8E28A81F8D00D7F71C /* Products */ = {
			isa = PBXGroup;
			children = (
				08BFAB8D28A81F8D00D7F71C /* ChoresSample.app */,
			);
			name = Products;
			sourceTree = "<group>";
		};
		08BFAB8F28A81F8D00D7F71C /* ChoresSample */ = {
			isa = PBXGroup;
			children = (
				08BFABAB28A8212400D7F71C /* Models */,
				08BFABAC28A822BD00D7F71C /* Screens */,
				08BFAB9028A81F8D00D7F71C /* ChoresSampleApp.swift */,
				08BFAB9E28A81FB100D7F71C /* PersistenceController.swift */,
				08BFABA028A81FD800D7F71C /* ChoresDataModel.xcdatamodeld */,
				08BFAB9428A81F8E00D7F71C /* Assets.xcassets */,
				08BFAB9628A81F8E00D7F71C /* Preview Content */,
			);
			path = ChoresSample;
			sourceTree = "<group>";
		};
		08BFAB9628A81F8E00D7F71C /* Preview Content */ = {
			isa = PBXGroup;
			children = (
				08BFAB9728A81F8E00D7F71C /* Preview Assets.xcassets */,
			);
			path = "Preview Content";
			sourceTree = "<group>";
		};
		08BFABAB28A8212400D7F71C /* Models */ = {
			isa = PBXGroup;
			children = (
				08BFABA328A8211C00D7F71C /* Chore+CoreDataClass.swift */,
				08BFABA428A8211C00D7F71C /* Chore+CoreDataProperties.swift */,
				08BFABA528A8211C00D7F71C /* Activity+CoreDataClass.swift */,
				08BFABA628A8211C00D7F71C /* Activity+CoreDataProperties.swift */,
			);
			path = Models;
			sourceTree = "<group>";
		};
		08BFABAC28A822BD00D7F71C /* Screens */ = {
			isa = PBXGroup;
			children = (
				08BFAB9228A81F8D00D7F71C /* ChoresList.swift */,
				08BFABAF28A8235C00D7F71C /* ChoreListItem.swift */,
				08BFABAD28A8232A00D7F71C /* ChoreDetailView.swift */,
				08BFABB128A8245600D7F71C /* CreateChore.swift */,
				08BFABB528A8361200D7F71C /* TimeAgoFormatter.swift */,
				080695FD28A93B570043344E /* NoteToTester.swift */,
			);
			path = Screens;
			sourceTree = "<group>";
		};
/* End PBXGroup section */

/* Begin PBXNativeTarget section */
		08BFAB8C28A81F8D00D7F71C /* ChoresSample */ = {
			isa = PBXNativeTarget;
			buildConfigurationList = 08BFAB9B28A81F8E00D7F71C /* Build configuration list for PBXNativeTarget "ChoresSample" */;
			buildPhases = (
				08BFAB8928A81F8D00D7F71C /* Sources */,
				08BFAB8A28A81F8D00D7F71C /* Frameworks */,
				08BFAB8B28A81F8D00D7F71C /* Resources */,
			);
			buildRules = (
			);
			dependencies = (
			);
			name = ChoresSample;
			productName = ChoresSample;
			productReference = 08BFAB8D28A81F8D00D7F71C /* ChoresSample.app */;
			productType = "com.apple.product-type.application";
		};
/* End PBXNativeTarget section */

/* Begin PBXProject section */
		08BFAB8528A81F8D00D7F71C /* Project object */ = {
			isa = PBXProject;
			attributes = {
				BuildIndependentTargetsInParallel = 1;
				LastSwiftUpdateCheck = 1340;
				LastUpgradeCheck = 1340;
				TargetAttributes = {
					08BFAB8C28A81F8D00D7F71C = {
						CreatedOnToolsVersion = 13.4.1;
					};
				};
			};
			buildConfigurationList = 08BFAB8828A81F8D00D7F71C /* Build configuration list for PBXProject "ChoresSample" */;
			compatibilityVersion = "Xcode 13.0";
			developmentRegion = en;
			hasScannedForEncodings = 0;
			knownRegions = (
				en,
				Base,
			);
			mainGroup = 08BFAB8428A81F8D00D7F71C;
			productRefGroup = 08BFAB8E28A81F8D00D7F71C /* Products */;
			projectDirPath = "";
			projectRoot = "";
			targets = (
				08BFAB8C28A81F8D00D7F71C /* ChoresSample */,
			);
		};
/* End PBXProject section */

/* Begin PBXResourcesBuildPhase section */
		08BFAB8B28A81F8D00D7F71C /* Resources */ = {
			isa = PBXResourcesBuildPhase;
			buildActionMask = 2147483647;
			files = (
				08BFAB9828A81F8E00D7F71C /* Preview Assets.xcassets in Resources */,
				08BFAB9528A81F8E00D7F71C /* Assets.xcassets in Resources */,
			);
			runOnlyForDeploymentPostprocessing = 0;
		};
/* End PBXResourcesBuildPhase section */

/* Begin PBXSourcesBuildPhase section */
		08BFAB8928A81F8D00D7F71C /* Sources */ = {
			isa = PBXSourcesBuildPhase;
			buildActionMask = 2147483647;
			files = (
				08BFAB9F28A81FB100D7F71C /* PersistenceController.swift in Sources */,
				080695FE28A93B570043344E /* NoteToTester.swift in Sources */,
				08BFABA828A8211D00D7F71C /* Chore+CoreDataProperties.swift in Sources */,
				08BFABA728A8211D00D7F71C /* Chore+CoreDataClass.swift in Sources */,
				08BFAB9328A81F8D00D7F71C /* ChoresList.swift in Sources */,
				08BFABB028A8235C00D7F71C /* ChoreListItem.swift in Sources */,
				08BFABAE28A8232A00D7F71C /* ChoreDetailView.swift in Sources */,
				08BFABB628A8361200D7F71C /* TimeAgoFormatter.swift in Sources */,
				08BFABAA28A8211D00D7F71C /* Activity+CoreDataProperties.swift in Sources */,
				08BFABB228A8245600D7F71C /* CreateChore.swift in Sources */,
				08BFABA928A8211D00D7F71C /* Activity+CoreDataClass.swift in Sources */,
				08BFAB9128A81F8D00D7F71C /* ChoresSampleApp.swift in Sources */,
				08BFABA228A81FD800D7F71C /* ChoresDataModel.xcdatamodeld in Sources */,
			);
			runOnlyForDeploymentPostprocessing = 0;
		};
/* End PBXSourcesBuildPhase section */

/* Begin XCBuildConfiguration section */
		08BFAB9928A81F8E00D7F71C /* Debug */ = {
			isa = XCBuildConfiguration;
			buildSettings = {
				ALWAYS_SEARCH_USER_PATHS = NO;
				CLANG_ANALYZER_NONNULL = YES;
				CLANG_ANALYZER_NUMBER_OBJECT_CONVERSION = YES_AGGRESSIVE;
				CLANG_CXX_LANGUAGE_STANDARD = "gnu++17";
				CLANG_ENABLE_MODULES = YES;
				CLANG_ENABLE_OBJC_ARC = YES;
				CLANG_ENABLE_OBJC_WEAK = YES;
				CLANG_WARN_BLOCK_CAPTURE_AUTORELEASING = YES;
				CLANG_WARN_BOOL_CONVERSION = YES;
				CLANG_WARN_COMMA = YES;
				CLANG_WARN_CONSTANT_CONVERSION = YES;
				CLANG_WARN_DEPRECATED_OBJC_IMPLEMENTATIONS = YES;
				CLANG_WARN_DIRECT_OBJC_ISA_USAGE = YES_ERROR;
				CLANG_WARN_DOCUMENTATION_COMMENTS = YES;
				CLANG_WARN_EMPTY_BODY = YES;
				CLANG_WARN_ENUM_CONVERSION = YES;
				CLANG_WARN_INFINITE_RECURSION = YES;
				CLANG_WARN_INT_CONVERSION = YES;
				CLANG_WARN_NON_LITERAL_NULL_CONVERSION = YES;
				CLANG_WARN_OBJC_IMPLICIT_RETAIN_SELF = YES;
				CLANG_WARN_OBJC_LITERAL_CONVERSION = YES;
				CLANG_WARN_OBJC_ROOT_CLASS = YES_ERROR;
				CLANG_WARN_QUOTED_INCLUDE_IN_FRAMEWORK_HEADER = YES;
				CLANG_WARN_RANGE_LOOP_ANALYSIS = YES;
				CLANG_WARN_STRICT_PROTOTYPES = YES;
				CLANG_WARN_SUSPICIOUS_MOVE = YES;
				CLANG_WARN_UNGUARDED_AVAILABILITY = YES_AGGRESSIVE;
				CLANG_WARN_UNREACHABLE_CODE = YES;
				CLANG_WARN__DUPLICATE_METHOD_MATCH = YES;
				COPY_PHASE_STRIP = NO;
				DEBUG_INFORMATION_FORMAT = dwarf;
				ENABLE_STRICT_OBJC_MSGSEND = YES;
				ENABLE_TESTABILITY = YES;
				GCC_C_LANGUAGE_STANDARD = gnu11;
				GCC_DYNAMIC_NO_PIC = NO;
				GCC_NO_COMMON_BLOCKS = YES;
				GCC_OPTIMIZATION_LEVEL = 0;
				GCC_PREPROCESSOR_DEFINITIONS = (
					"DEBUG=1",
					"$(inherited)",
				);
				GCC_WARN_64_TO_32_BIT_CONVERSION = YES;
				GCC_WARN_ABOUT_RETURN_TYPE = YES_ERROR;
				GCC_WARN_UNDECLARED_SELECTOR = YES;
				GCC_WARN_UNINITIALIZED_AUTOS = YES_AGGRESSIVE;
				GCC_WARN_UNUSED_FUNCTION = YES;
				GCC_WARN_UNUSED_VARIABLE = YES;
				IPHONEOS_DEPLOYMENT_TARGET = 15.5;
				MTL_ENABLE_DEBUG_INFO = INCLUDE_SOURCE;
				MTL_FAST_MATH = YES;
				ONLY_ACTIVE_ARCH = YES;
				SDKROOT = iphoneos;
				SWIFT_ACTIVE_COMPILATION_CONDITIONS = DEBUG;
				SWIFT_OPTIMIZATION_LEVEL = "-Onone";
			};
			name = Debug;
		};
		08BFAB9A28A81F8E00D7F71C /* Release */ = {
			isa = XCBuildConfiguration;
			buildSettings = {
				ALWAYS_SEARCH_USER_PATHS = NO;
				CLANG_ANALYZER_NONNULL = YES;
				CLANG_ANALYZER_NUMBER_OBJECT_CONVERSION = YES_AGGRESSIVE;
				CLANG_CXX_LANGUAGE_STANDARD = "gnu++17";
				CLANG_ENABLE_MODULES = YES;
				CLANG_ENABLE_OBJC_ARC = YES;
				CLANG_ENABLE_OBJC_WEAK = YES;
				CLANG_WARN_BLOCK_CAPTURE_AUTORELEASING = YES;
				CLANG_WARN_BOOL_CONVERSION = YES;
				CLANG_WARN_COMMA = YES;
				CLANG_WARN_CONSTANT_CONVERSION = YES;
				CLANG_WARN_DEPRECATED_OBJC_IMPLEMENTATIONS = YES;
				CLANG_WARN_DIRECT_OBJC_ISA_USAGE = YES_ERROR;
				CLANG_WARN_DOCUMENTATION_COMMENTS = YES;
				CLANG_WARN_EMPTY_BODY = YES;
				CLANG_WARN_ENUM_CONVERSION = YES;
				CLANG_WARN_INFINITE_RECURSION = YES;
				CLANG_WARN_INT_CONVERSION = YES;
				CLANG_WARN_NON_LITERAL_NULL_CONVERSION = YES;
				CLANG_WARN_OBJC_IMPLICIT_RETAIN_SELF = YES;
				CLANG_WARN_OBJC_LITERAL_CONVERSION = YES;
				CLANG_WARN_OBJC_ROOT_CLASS = YES_ERROR;
				CLANG_WARN_QUOTED_INCLUDE_IN_FRAMEWORK_HEADER = YES;
				CLANG_WARN_RANGE_LOOP_ANALYSIS = YES;
				CLANG_WARN_STRICT_PROTOTYPES = YES;
				CLANG_WARN_SUSPICIOUS_MOVE = YES;
				CLANG_WARN_UNGUARDED_AVAILABILITY = YES_AGGRESSIVE;
				CLANG_WARN_UNREACHABLE_CODE = YES;
				CLANG_WARN__DUPLICATE_METHOD_MATCH = YES;
				COPY_PHASE_STRIP = NO;
				DEBUG_INFORMATION_FORMAT = "dwarf-with-dsym";
				ENABLE_NS_ASSERTIONS = NO;
				ENABLE_STRICT_OBJC_MSGSEND = YES;
				GCC_C_LANGUAGE_STANDARD = gnu11;
				GCC_NO_COMMON_BLOCKS = YES;
				GCC_WARN_64_TO_32_BIT_CONVERSION = YES;
				GCC_WARN_ABOUT_RETURN_TYPE = YES_ERROR;
				GCC_WARN_UNDECLARED_SELECTOR = YES;
				GCC_WARN_UNINITIALIZED_AUTOS = YES_AGGRESSIVE;
				GCC_WARN_UNUSED_FUNCTION = YES;
				GCC_WARN_UNUSED_VARIABLE = YES;
				IPHONEOS_DEPLOYMENT_TARGET = 15.5;
				MTL_ENABLE_DEBUG_INFO = NO;
				MTL_FAST_MATH = YES;
				SDKROOT = iphoneos;
				SWIFT_COMPILATION_MODE = wholemodule;
				SWIFT_OPTIMIZATION_LEVEL = "-O";
				VALIDATE_PRODUCT = YES;
			};
			name = Release;
		};
		08BFAB9C28A81F8E00D7F71C /* Debug */ = {
			isa = XCBuildConfiguration;
			buildSettings = {
				ASSETCATALOG_COMPILER_APPICON_NAME = AppIcon;
				ASSETCATALOG_COMPILER_GLOBAL_ACCENT_COLOR_NAME = AccentColor;
				CODE_SIGN_STYLE = Automatic;
				CURRENT_PROJECT_VERSION = 1;
				DEVELOPMENT_ASSET_PATHS = "\"ChoresSample/Preview Content\"";
				DEVELOPMENT_TEAM = UNVD7N64JG;
				ENABLE_PREVIEWS = YES;
				GENERATE_INFOPLIST_FILE = YES;
				INFOPLIST_KEY_UIApplicationSceneManifest_Generation = YES;
				INFOPLIST_KEY_UIApplicationSupportsIndirectInputEvents = YES;
				INFOPLIST_KEY_UILaunchScreen_Generation = YES;
				INFOPLIST_KEY_UISupportedInterfaceOrientations_iPad = "UIInterfaceOrientationPortrait UIInterfaceOrientationPortraitUpsideDown UIInterfaceOrientationLandscapeLeft UIInterfaceOrientationLandscapeRight";
				INFOPLIST_KEY_UISupportedInterfaceOrientations_iPhone = "UIInterfaceOrientationPortrait UIInterfaceOrientationLandscapeLeft UIInterfaceOrientationLandscapeRight";
				LD_RUNPATH_SEARCH_PATHS = (
					"$(inherited)",
					"@executable_path/Frameworks",
				);
				MARKETING_VERSION = 1.0;
				PRODUCT_BUNDLE_IDENTIFIER = com.example.adamwhitcroft.ChoresSample;
				PRODUCT_NAME = "$(TARGET_NAME)";
				SWIFT_EMIT_LOC_STRINGS = YES;
				SWIFT_VERSION = 5.0;
				TARGETED_DEVICE_FAMILY = "1,2";
			};
			name = Debug;
		};
		08BFAB9D28A81F8E00D7F71C /* Release */ = {
			isa = XCBuildConfiguration;
			buildSettings = {
				ASSETCATALOG_COMPILER_APPICON_NAME = AppIcon;
				ASSETCATALOG_COMPILER_GLOBAL_ACCENT_COLOR_NAME = AccentColor;
				CODE_SIGN_STYLE = Automatic;
				CURRENT_PROJECT_VERSION = 1;
				DEVELOPMENT_ASSET_PATHS = "\"ChoresSample/Preview Content\"";
				DEVELOPMENT_TEAM = UNVD7N64JG;
				ENABLE_PREVIEWS = YES;
				GENERATE_INFOPLIST_FILE = YES;
				INFOPLIST_KEY_UIApplicationSceneManifest_Generation = YES;
				INFOPLIST_KEY_UIApplicationSupportsIndirectInputEvents = YES;
				INFOPLIST_KEY_UILaunchScreen_Generation = YES;
				INFOPLIST_KEY_UISupportedInterfaceOrientations_iPad = "UIInterfaceOrientationPortrait UIInterfaceOrientationPortraitUpsideDown UIInterfaceOrientationLandscapeLeft UIInterfaceOrientationLandscapeRight";
				INFOPLIST_KEY_UISupportedInterfaceOrientations_iPhone = "UIInterfaceOrientationPortrait UIInterfaceOrientationLandscapeLeft UIInterfaceOrientationLandscapeRight";
				LD_RUNPATH_SEARCH_PATHS = (
					"$(inherited)",
					"@executable_path/Frameworks",
				);
				MARKETING_VERSION = 1.0;
				PRODUCT_BUNDLE_IDENTIFIER = com.example.adamwhitcroft.ChoresSample;
				PRODUCT_NAME = "$(TARGET_NAME)";
				SWIFT_EMIT_LOC_STRINGS = YES;
				SWIFT_VERSION = 5.0;
				TARGETED_DEVICE_FAMILY = "1,2";
			};
			name = Release;
		};
/* End XCBuildConfiguration section */

/* Begin XCConfigurationList section */
		08BFAB8828A81F8D00D7F71C /* Build configuration list for PBXProject "ChoresSample" */ = {
			isa = XCConfigurationList;
			buildConfigurations = (
				08BFAB9928A81F8E00D7F71C /* Debug */,
				08BFAB9A28A81F8E00D7F71C /* Release */,
			);
			defaultConfigurationIsVisible = 0;
			defaultConfigurationName = Release;
		};
		08BFAB9B28A81F8E00D7F71C /* Build configuration list for PBXNativeTarget "ChoresSample" */ = {
			isa = XCConfigurationList;
			buildConfigurations = (
				08BFAB9C28A81F8E00D7F71C /* Debug */,
				08BFAB9D28A81F8E00D7F71C /* Release */,
			);
			defaultConfigurationIsVisible = 0;
			defaultConfigurationName = Release;
		};
/* End XCConfigurationList section */

/* Begin XCVersionGroup section */
		08BFABA028A81FD800D7F71C /* ChoresDataModel.xcdatamodeld */ = {
			isa = XCVersionGroup;
			children = (
				08BFABA128A81FD800D7F71C /* ChoresDataModel.xcdatamodel */,
			);
			currentVersion = 08BFABA128A81FD800D7F71C /* ChoresDataModel.xcdatamodel */;
			path = ChoresDataModel.xcdatamodeld;
			sourceTree = "<group>";
			versionGroupType = wrapper.xcdatamodel;
		};
/* End XCVersionGroup section */
	};
	rootObject = 08BFAB8528A81F8D00D7F71C /* Project object */;
}
